
Microsoft Visual Studio Solution File, Format Version 12.00
# Visual Studio Version 17
VisualStudioVersion = 17.8.34322.80
MinimumVisualStudioVersion = 10.0.40219.1
Project("{9A19103F-16F7-4668-BE54-9A1E7A4F7556}") = "BidNest-Api", "BidNest-Api\BidNest-Api.csproj", "{0CC3ACDF-DC8D-496B-AF14-F0BE2FBFA0F7}"
EndProject
Project("{FAE04EC0-301F-11D3-BF4B-00C04F79EFBC}") = "BidNest-Library", "..\BidNest-Library\BidNest-Library.csproj", "{092D2E3E-DFE4-47DF-8283-6A1917792850}"
EndProject
Global
	GlobalSection(SolutionConfigurationPlatforms) = preSolution
		Debug|Any CPU = Debug|Any CPU
		Release|Any CPU = Release|Any CPU
	EndGlobalSection
	GlobalSection(ProjectConfigurationPlatforms) = postSolution
		{0CC3ACDF-DC8D-496B-AF14-F0BE2FBFA0F7}.Debug|Any CPU.ActiveCfg = Debug|Any CPU
		{0CC3ACDF-DC8D-496B-AF14-F0BE2FBFA0F7}.Debug|Any CPU.Build.0 = Debug|Any CPU
		{0CC3ACDF-DC8D-496B-AF14-F0BE2FBFA0F7}.Release|Any CPU.ActiveCfg = Release|Any CPU
		{0CC3ACDF-DC8D-496B-AF14-F0BE2FBFA0F7}.Release|Any CPU.Build.0 = Release|Any CPU
		{092D2E3E-DFE4-47DF-8283-6A1917792850}.Debug|Any CPU.ActiveCfg = Debug|Any CPU
		{092D2E3E-DFE4-47DF-8283-6A1917792850}.Debug|Any CPU.Build.0 = Debug|Any CPU
		{092D2E3E-DFE4-47DF-8283-6A1917792850}.Release|Any CPU.ActiveCfg = Release|Any CPU
		{092D2E3E-DFE4-47DF-8283-6A1917792850}.Release|Any CPU.Build.0 = Release|Any CPU
	EndGlobalSection
	GlobalSection(SolutionProperties) = preSolution
		HideSolutionNode = FALSE
	EndGlobalSection
	GlobalSection(ExtensibilityGlobals) = postSolution
		SolutionGuid = {41759D61-EF28-4BBC-AFEA-40BF3A910975}
	EndGlobalSection
EndGlobal
